{
  "version": 4,
  "terraform_version": "1.6.0",
  "serial": 22,
  "lineage": "96098479-5345-04f4-c609-fc392e590534",
  "outputs": {},
  "resources": [
    {
      "module": "module.nsg",
      "mode": "managed",
      "type": "azurerm_network_security_group",
      "name": "nsg",
      "provider": "provider[\"registry.terraform.io/hashicorp/azurerm\"]",
      "instances": [
        {
          "index_key": "nsg1",
          "schema_version": 0,
          "attributes": {
            "id": "/subscriptions/72ee3a3e-b0e7-4ff8-bc38-e52666770035/resourceGroups/devopsinsiders-rg1/providers/Microsoft.Network/networkSecurityGroups/frontendvm-nsg",
            "location": "westeurope",
            "name": "frontendvm-nsg",
            "resource_group_name": "devopsinsiders-rg1",
            "security_rule": [
              {
                "access": "Allow",
                "description": "",
                "destination_address_prefix": "*",
                "destination_address_prefixes": [],
                "destination_application_security_group_ids": [],
                "destination_port_range": "22",
                "destination_port_ranges": [],
                "direction": "Inbound",
                "name": "first",
                "priority": 100,
                "protocol": "Tcp",
                "source_address_prefix": "*",
                "source_address_prefixes": [],
                "source_application_security_group_ids": [],
                "source_port_range": "*",
                "source_port_ranges": []
              },
              {
                "access": "Allow",
                "description": "",
                "destination_address_prefix": "*",
                "destination_address_prefixes": [],
                "destination_application_security_group_ids": [],
                "destination_port_range": "443",
                "destination_port_ranges": [],
                "direction": "Inbound",
                "name": "second",
                "priority": 102,
                "protocol": "Tcp",
                "source_address_prefix": "*",
                "source_address_prefixes": [],
                "source_application_security_group_ids": [],
                "source_port_range": "*",
                "source_port_ranges": []
              }
            ],
            "tags": null,
            "timeouts": null
          },
          "sensitive_attributes": [],
          "private": "eyJlMmJmYjczMC1lY2FhLTExZTYtOGY4OC0zNDM2M2JjN2M0YzAiOnsiY3JlYXRlIjoxODAwMDAwMDAwMDAwLCJkZWxldGUiOjE4MDAwMDAwMDAwMDAsInJlYWQiOjMwMDAwMDAwMDAwMCwidXBkYXRlIjoxODAwMDAwMDAwMDAwfX0=",
          "dependencies": [
            "module.vnet.azurerm_virtual_network.subnet"
          ]
        },
        {
          "index_key": "nsg2",
          "schema_version": 0,
          "attributes": {
            "id": "/subscriptions/72ee3a3e-b0e7-4ff8-bc38-e52666770035/resourceGroups/devopsinsiders-rg1/providers/Microsoft.Network/networkSecurityGroups/frontendvm2-nsg",
            "location": "westeurope",
            "name": "frontendvm2-nsg",
            "resource_group_name": "devopsinsiders-rg1",
            "security_rule": [
              {
                "access": "Allow",
                "description": "",
                "destination_address_prefix": "*",
                "destination_address_prefixes": [],
                "destination_application_security_group_ids": [],
                "destination_port_range": "22",
                "destination_port_ranges": [],
                "direction": "Inbound",
                "name": "first",
                "priority": 100,
                "protocol": "Tcp",
                "source_address_prefix": "*",
                "source_address_prefixes": [],
                "source_application_security_group_ids": [],
                "source_port_range": "*",
                "source_port_ranges": []
              },
              {
                "access": "Allow",
                "description": "",
                "destination_address_prefix": "*",
                "destination_address_prefixes": [],
                "destination_application_security_group_ids": [],
                "destination_port_range": "443",
                "destination_port_ranges": [],
                "direction": "Inbound",
                "name": "second",
                "priority": 102,
                "protocol": "Tcp",
                "source_address_prefix": "*",
                "source_address_prefixes": [],
                "source_application_security_group_ids": [],
                "source_port_range": "*",
                "source_port_ranges": []
              }
            ],
            "tags": null,
            "timeouts": null
          },
          "sensitive_attributes": [],
          "private": "eyJlMmJmYjczMC1lY2FhLTExZTYtOGY4OC0zNDM2M2JjN2M0YzAiOnsiY3JlYXRlIjoxODAwMDAwMDAwMDAwLCJkZWxldGUiOjE4MDAwMDAwMDAwMDAsInJlYWQiOjMwMDAwMDAwMDAwMCwidXBkYXRlIjoxODAwMDAwMDAwMDAwfX0=",
          "dependencies": [
            "module.vnet.azurerm_virtual_network.subnet"
          ]
        },
        {
          "index_key": "nsg3",
          "schema_version": 0,
          "attributes": {
            "id": "/subscriptions/72ee3a3e-b0e7-4ff8-bc38-e52666770035/resourceGroups/devopsinsiders-rg1/providers/Microsoft.Network/networkSecurityGroups/backendvm-nsg",
            "location": "westeurope",
            "name": "backendvm-nsg",
            "resource_group_name": "devopsinsiders-rg1",
            "security_rule": [
              {
                "access": "Allow",
                "description": "",
                "destination_address_prefix": "*",
                "destination_address_prefixes": [],
                "destination_application_security_group_ids": [],
                "destination_port_range": "22",
                "destination_port_ranges": [],
                "direction": "Inbound",
                "name": "first",
                "priority": 100,
                "protocol": "Tcp",
                "source_address_prefix": "*",
                "source_address_prefixes": [],
                "source_application_security_group_ids": [],
                "source_port_range": "*",
                "source_port_ranges": []
              },
              {
                "access": "Allow",
                "description": "",
                "destination_address_prefix": "*",
                "destination_address_prefixes": [],
                "destination_application_security_group_ids": [],
                "destination_port_range": "443",
                "destination_port_ranges": [],
                "direction": "Inbound",
                "name": "second",
                "priority": 102,
                "protocol": "Tcp",
                "source_address_prefix": "*",
                "source_address_prefixes": [],
                "source_application_security_group_ids": [],
                "source_port_range": "*",
                "source_port_ranges": []
              }
            ],
            "tags": null,
            "timeouts": null
          },
          "sensitive_attributes": [],
          "private": "eyJlMmJmYjczMC1lY2FhLTExZTYtOGY4OC0zNDM2M2JjN2M0YzAiOnsiY3JlYXRlIjoxODAwMDAwMDAwMDAwLCJkZWxldGUiOjE4MDAwMDAwMDAwMDAsInJlYWQiOjMwMDAwMDAwMDAwMCwidXBkYXRlIjoxODAwMDAwMDAwMDAwfX0=",
          "dependencies": [
            "module.vnet.azurerm_virtual_network.subnet"
          ]
        }
      ]
    },
    {
      "module": "module.rg",
      "mode": "managed",
      "type": "azurerm_resource_group",
      "name": "resourcegroups",
      "provider": "provider[\"registry.terraform.io/hashicorp/azurerm\"]",
      "instances": [
        {
          "index_key": "rg1",
          "schema_version": 0,
          "attributes": {
            "id": "/subscriptions/72ee3a3e-b0e7-4ff8-bc38-e52666770035/resourceGroups/devopsinsiders-rg1",
            "location": "westeurope",
            "managed_by": "",
            "name": "devopsinsiders-rg1",
            "tags": {},
            "timeouts": null
          },
          "sensitive_attributes": [],
          "private": "eyJlMmJmYjczMC1lY2FhLTExZTYtOGY4OC0zNDM2M2JjN2M0YzAiOnsiY3JlYXRlIjo1NDAwMDAwMDAwMDAwLCJkZWxldGUiOjU0MDAwMDAwMDAwMDAsInJlYWQiOjMwMDAwMDAwMDAwMCwidXBkYXRlIjo1NDAwMDAwMDAwMDAwfX0="
        }
      ]
    },
    {
      "module": "module.vnet",
      "mode": "managed",
      "type": "azurerm_virtual_network",
      "name": "subnet",
      "provider": "provider[\"registry.terraform.io/hashicorp/azurerm\"]",
      "instances": [
        {
          "index_key": "vnet1",
          "schema_version": 0,
          "attributes": {
            "address_space": [
              "10.0.0.0/16"
            ],
            "bgp_community": "",
            "ddos_protection_plan": [],
            "dns_servers": [],
            "edge_zone": "",
            "encryption": [],
            "flow_timeout_in_minutes": 0,
            "guid": "e068c5bc-a595-4c2d-9273-20017cfb0f58",
            "id": "/subscriptions/72ee3a3e-b0e7-4ff8-bc38-e52666770035/resourceGroups/devopsinsiders-rg1/providers/Microsoft.Network/virtualNetworks/vnet-devopsinsider1",
            "location": "westeurope",
            "name": "vnet-devopsinsider1",
            "resource_group_name": "devopsinsiders-rg1",
            "subnet": [
              {
                "address_prefix": "10.0.1.0/24",
                "id": "/subscriptions/72ee3a3e-b0e7-4ff8-bc38-e52666770035/resourceGroups/devopsinsiders-rg1/providers/Microsoft.Network/virtualNetworks/vnet-devopsinsider1/subnets/frontend-subnet",
                "name": "frontend-subnet",
                "security_group": ""
              },
              {
                "address_prefix": "10.0.2.0/24",
                "id": "/subscriptions/72ee3a3e-b0e7-4ff8-bc38-e52666770035/resourceGroups/devopsinsiders-rg1/providers/Microsoft.Network/virtualNetworks/vnet-devopsinsider1/subnets/backend-subnet",
                "name": "backend-subnet",
                "security_group": ""
              },
              {
                "address_prefix": "10.0.3.0/26",
                "id": "/subscriptions/72ee3a3e-b0e7-4ff8-bc38-e52666770035/resourceGroups/devopsinsiders-rg1/providers/Microsoft.Network/virtualNetworks/vnet-devopsinsider1/subnets/AzureBastionSubnet",
                "name": "AzureBastionSubnet",
                "security_group": ""
              }
            ],
            "tags": null,
            "timeouts": null
          },
          "sensitive_attributes": [],
          "private": "eyJlMmJmYjczMC1lY2FhLTExZTYtOGY4OC0zNDM2M2JjN2M0YzAiOnsiY3JlYXRlIjoxODAwMDAwMDAwMDAwLCJkZWxldGUiOjE4MDAwMDAwMDAwMDAsInJlYWQiOjMwMDAwMDAwMDAwMCwidXBkYXRlIjoxODAwMDAwMDAwMDAwfX0="
        }
      ]
    }
  ],
  "check_results": null
}
